# This file is automatically @generated by Cargo.
# It is not intended for manual editing.
version = 4

[[package]]
name = "game"
version = "0.0.5"
dependencies = [
 "logger",
 "window",
]

[[package]]
name = "logger"
version = "0.0.2"

[[package]]
name = "window"
version = "0.0.4"
dependencies = [
 "logger",
]
